
Microsoft Visual Studio Solution File, Format Version 12.00
# Visual Studio Version 17
VisualStudioVersion = 17.11.35327.3
MinimumVisualStudioVersion = 10.0.40219.1
Project("{8BC9CEB8-8B4A-11D0-8D11-00A0C91BC942}") = "1.순차적 스캔", "1.순차적 스캔\1.순차적 스캔.vcxproj", "{CE21AFD2-086F-4AAD-B9B6-CE4C21C7BCC9}"
EndProject
Project("{8BC9CEB8-8B4A-11D0-8D11-00A0C91BC942}") = "2.인덱스 스캔(B+트리)", "2.인덱스 스캔(B+트리)\2.인덱스 스캔(B+트리).vcxproj", "{CEA7241D-B974-4F64-9698-C8D1E0E8595E}"
EndProject
Global
	GlobalSection(SolutionConfigurationPlatforms) = preSolution
		Debug|x64 = Debug|x64
		Debug|x86 = Debug|x86
		Release|x64 = Release|x64
		Release|x86 = Release|x86
	EndGlobalSection
	GlobalSection(ProjectConfigurationPlatforms) = postSolution
		{CE21AFD2-086F-4AAD-B9B6-CE4C21C7BCC9}.Debug|x64.ActiveCfg = Debug|x64
		{CE21AFD2-086F-4AAD-B9B6-CE4C21C7BCC9}.Debug|x64.Build.0 = Debug|x64
		{CE21AFD2-086F-4AAD-B9B6-CE4C21C7BCC9}.Debug|x86.ActiveCfg = Debug|Win32
		{CE21AFD2-086F-4AAD-B9B6-CE4C21C7BCC9}.Debug|x86.Build.0 = Debug|Win32
		{CE21AFD2-086F-4AAD-B9B6-CE4C21C7BCC9}.Release|x64.ActiveCfg = Release|x64
		{CE21AFD2-086F-4AAD-B9B6-CE4C21C7BCC9}.Release|x64.Build.0 = Release|x64
		{CE21AFD2-086F-4AAD-B9B6-CE4C21C7BCC9}.Release|x86.ActiveCfg = Release|Win32
		{CE21AFD2-086F-4AAD-B9B6-CE4C21C7BCC9}.Release|x86.Build.0 = Release|Win32
		{CEA7241D-B974-4F64-9698-C8D1E0E8595E}.Debug|x64.ActiveCfg = Debug|x64
		{CEA7241D-B974-4F64-9698-C8D1E0E8595E}.Debug|x64.Build.0 = Debug|x64
		{CEA7241D-B974-4F64-9698-C8D1E0E8595E}.Debug|x86.ActiveCfg = Debug|Win32
		{CEA7241D-B974-4F64-9698-C8D1E0E8595E}.Debug|x86.Build.0 = Debug|Win32
		{CEA7241D-B974-4F64-9698-C8D1E0E8595E}.Release|x64.ActiveCfg = Release|x64
		{CEA7241D-B974-4F64-9698-C8D1E0E8595E}.Release|x64.Build.0 = Release|x64
		{CEA7241D-B974-4F64-9698-C8D1E0E8595E}.Release|x86.ActiveCfg = Release|Win32
		{CEA7241D-B974-4F64-9698-C8D1E0E8595E}.Release|x86.Build.0 = Release|Win32
	EndGlobalSection
	GlobalSection(SolutionProperties) = preSolution
		HideSolutionNode = FALSE
	EndGlobalSection
	GlobalSection(ExtensibilityGlobals) = postSolution
		SolutionGuid = {741A4853-36F7-47CF-B299-0729CF62079E}
	EndGlobalSection
EndGlobal
